// !$*UTF8*$!
{
	archiveVersion = 1;
	classes = {
	};
	objectVersion = 46;
	objects = {

/* Begin PBXBuildFile section */
		3308A2ED1F8320B900A72E25 /* GCDWebServer.m in Sources */ = {isa = PBXBuildFile; fileRef = 3308A2D01F8320B900A72E25 /* GCDWebServer.m */; };
		3308A2EE1F8320B900A72E25 /* GCDWebServerConnection.m in Sources */ = {isa = PBXBuildFile; fileRef = 3308A2D21F8320B900A72E25 /* GCDWebServerConnection.m */; };
		3308A2EF1F8320B900A72E25 /* GCDWebServerFunctions.m in Sources */ = {isa = PBXBuildFile; fileRef = 3308A2D41F8320B900A72E25 /* GCDWebServerFunctions.m */; };
		3308A2F01F8320B900A72E25 /* GCDWebServerRequest.m in Sources */ = {isa = PBXBuildFile; fileRef = 3308A2D81F8320B900A72E25 /* GCDWebServerRequest.m */; };
		3308A2F11F8320B900A72E25 /* GCDWebServerResponse.m in Sources */ = {isa = PBXBuildFile; fileRef = 3308A2DA1F8320B900A72E25 /* GCDWebServerResponse.m */; };
		3308A2F21F8320B900A72E25 /* GCDWebServerDataRequest.m in Sources */ = {isa = PBXBuildFile; fileRef = 3308A2DD1F8320B900A72E25 /* GCDWebServerDataRequest.m */; };
		3308A2F31F8320B900A72E25 /* GCDWebServerFileRequest.m in Sources */ = {isa = PBXBuildFile; fileRef = 3308A2DF1F8320B900A72E25 /* GCDWebServerFileRequest.m */; };
		3308A2F41F8320B900A72E25 /* GCDWebServerMultiPartFormRequest.m in Sources */ = {isa = PBXBuildFile; fileRef = 3308A2E11F8320B900A72E25 /* GCDWebServerMultiPartFormRequest.m */; };
		3308A2F51F8320B900A72E25 /* GCDWebServerURLEncodedFormRequest.m in Sources */ = {isa = PBXBuildFile; fileRef = 3308A2E31F8320B900A72E25 /* GCDWebServerURLEncodedFormRequest.m */; };
		3308A2F61F8320B900A72E25 /* GCDWebServerDataResponse.m in Sources */ = {isa = PBXBuildFile; fileRef = 3308A2E61F8320B900A72E25 /* GCDWebServerDataResponse.m */; };
		3308A2F71F8320B900A72E25 /* GCDWebServerErrorResponse.m in Sources */ = {isa = PBXBuildFile; fileRef = 3308A2E81F8320B900A72E25 /* GCDWebServerErrorResponse.m */; };
		3308A2F81F8320B900A72E25 /* GCDWebServerFileResponse.m in Sources */ = {isa = PBXBuildFile; fileRef = 3308A2EA1F8320B900A72E25 /* GCDWebServerFileResponse.m */; };
		3308A2F91F8320B900A72E25 /* GCDWebServerStreamedResponse.m in Sources */ = {isa = PBXBuildFile; fileRef = 3308A2EC1F8320B900A72E25 /* GCDWebServerStreamedResponse.m */; };
		331239F21E53697C00559EB0 /* DDAbstractDatabaseLogger.m in Sources */ = {isa = PBXBuildFile; fileRef = 331239E31E53697C00559EB0 /* DDAbstractDatabaseLogger.m */; };
		331239F31E53697C00559EB0 /* DDASLLogger.m in Sources */ = {isa = PBXBuildFile; fileRef = 331239E51E53697C00559EB0 /* DDASLLogger.m */; };
		331239F41E53697C00559EB0 /* DDFileLogger.m in Sources */ = {isa = PBXBuildFile; fileRef = 331239E71E53697C00559EB0 /* DDFileLogger.m */; };
		331239F51E53697C00559EB0 /* DDLog.m in Sources */ = {isa = PBXBuildFile; fileRef = 331239E91E53697C00559EB0 /* DDLog.m */; };
		331239F61E53697C00559EB0 /* DDTTYLogger.m in Sources */ = {isa = PBXBuildFile; fileRef = 331239EB1E53697C00559EB0 /* DDTTYLogger.m */; };
		331239F71E53697C00559EB0 /* ContextFilterLogFormatter.m in Sources */ = {isa = PBXBuildFile; fileRef = 331239EE1E53697C00559EB0 /* ContextFilterLogFormatter.m */; };
		331239F81E53697C00559EB0 /* DispatchQueueLogFormatter.m in Sources */ = {isa = PBXBuildFile; fileRef = 331239F01E53697C00559EB0 /* DispatchQueueLogFormatter.m */; };
		331239FD1E5369D000559EB0 /* GCDAsyncSocket.m in Sources */ = {isa = PBXBuildFile; fileRef = 331239FC1E5369D000559EB0 /* GCDAsyncSocket.m */; };
		B3E7B58A1CC2AC0600A0062D /* FPStaticServer.m in Sources */ = {isa = PBXBuildFile; fileRef = B3E7B5891CC2AC0600A0062D /* FPStaticServer.m */; };
/* End PBXBuildFile section */

/* Begin PBXCopyFilesBuildPhase section */
		58B511D91A9E6C8500147676 /* CopyFiles */ = {
			isa = PBXCopyFilesBuildPhase;
			buildActionMask = 2147483647;
			dstPath = "include/$(PRODUCT_NAME)";
			dstSubfolderSpec = 16;
			files = (
			);
			runOnlyForDeploymentPostprocessing = 0;
		};
/* End PBXCopyFilesBuildPhase section */

/* Begin PBXFileReference section */
		134814201AA4EA6300B7C361 /* libFPStaticServer.a */ = {isa = PBXFileReference; explicitFileType = archive.ar; includeInIndex = 0; path = libFPStaticServer.a; sourceTree = BUILT_PRODUCTS_DIR; };
		3308A2CF1F8320B900A72E25 /* GCDWebServer.h */ = {isa = PBXFileReference; fileEncoding = 4; lastKnownFileType = sourcecode.c.h; path = GCDWebServer.h; sourceTree = "<group>"; };
		3308A2D01F8320B900A72E25 /* GCDWebServer.m */ = {isa = PBXFileReference; fileEncoding = 4; lastKnownFileType = sourcecode.c.objc; path = GCDWebServer.m; sourceTree = "<group>"; };
		3308A2D11F8320B900A72E25 /* GCDWebServerConnection.h */ = {isa = PBXFileReference; fileEncoding = 4; lastKnownFileType = sourcecode.c.h; path = GCDWebServerConnection.h; sourceTree = "<group>"; };
		3308A2D21F8320B900A72E25 /* GCDWebServerConnection.m */ = {isa = PBXFileReference; fileEncoding = 4; lastKnownFileType = sourcecode.c.objc; path = GCDWebServerConnection.m; sourceTree = "<group>"; };
		3308A2D31F8320B900A72E25 /* GCDWebServerFunctions.h */ = {isa = PBXFileReference; fileEncoding = 4; lastKnownFileType = sourcecode.c.h; path = GCDWebServerFunctions.h; sourceTree = "<group>"; };
		3308A2D41F8320B900A72E25 /* GCDWebServerFunctions.m */ = {isa = PBXFileReference; fileEncoding = 4; lastKnownFileType = sourcecode.c.objc; path = GCDWebServerFunctions.m; sourceTree = "<group>"; };
		3308A2D51F8320B900A72E25 /* GCDWebServerHTTPStatusCodes.h */ = {isa = PBXFileReference; fileEncoding = 4; lastKnownFileType = sourcecode.c.h; path = GCDWebServerHTTPStatusCodes.h; sourceTree = "<group>"; };
		3308A2D61F8320B900A72E25 /* GCDWebServerPrivate.h */ = {isa = PBXFileReference; fileEncoding = 4; lastKnownFileType = sourcecode.c.h; path = GCDWebServerPrivate.h; sourceTree = "<group>"; };
		3308A2D71F8320B900A72E25 /* GCDWebServerRequest.h */ = {isa = PBXFileReference; fileEncoding = 4; lastKnownFileType = sourcecode.c.h; path = GCDWebServerRequest.h; sourceTree = "<group>"; };
		3308A2D81F8320B900A72E25 /* GCDWebServerRequest.m */ = {isa = PBXFileReference; fileEncoding = 4; lastKnownFileType = sourcecode.c.objc; path = GCDWebServerRequest.m; sourceTree = "<group>"; };
		3308A2D91F8320B900A72E25 /* GCDWebServerResponse.h */ = {isa = PBXFileReference; fileEncoding = 4; lastKnownFileType = sourcecode.c.h; path = GCDWebServerResponse.h; sourceTree = "<group>"; };
		3308A2DA1F8320B900A72E25 /* GCDWebServerResponse.m */ = {isa = PBXFileReference; fileEncoding = 4; lastKnownFileType = sourcecode.c.objc; path = GCDWebServerResponse.m; sourceTree = "<group>"; };
		3308A2DC1F8320B900A72E25 /* GCDWebServerDataRequest.h */ = {isa = PBXFileReference; fileEncoding = 4; lastKnownFileType = sourcecode.c.h; path = GCDWebServerDataRequest.h; sourceTree = "<group>"; };
		3308A2DD1F8320B900A72E25 /* GCDWebServerDataRequest.m */ = {isa = PBXFileReference; fileEncoding = 4; lastKnownFileType = sourcecode.c.objc; path = GCDWebServerDataRequest.m; sourceTree = "<group>"; };
		3308A2DE1F8320B900A72E25 /* GCDWebServerFileRequest.h */ = {isa = PBXFileReference; fileEncoding = 4; lastKnownFileType = sourcecode.c.h; path = GCDWebServerFileRequest.h; sourceTree = "<group>"; };
		3308A2DF1F8320B900A72E25 /* GCDWebServerFileRequest.m */ = {isa = PBXFileReference; fileEncoding = 4; lastKnownFileType = sourcecode.c.objc; path = GCDWebServerFileRequest.m; sourceTree = "<group>"; };
		3308A2E01F8320B900A72E25 /* GCDWebServerMultiPartFormRequest.h */ = {isa = PBXFileReference; fileEncoding = 4; lastKnownFileType = sourcecode.c.h; path = GCDWebServerMultiPartFormRequest.h; sourceTree = "<group>"; };
		3308A2E11F8320B900A72E25 /* GCDWebServerMultiPartFormRequest.m */ = {isa = PBXFileReference; fileEncoding = 4; lastKnownFileType = sourcecode.c.objc; path = GCDWebServerMultiPartFormRequest.m; sourceTree = "<group>"; };
		3308A2E21F8320B900A72E25 /* GCDWebServerURLEncodedFormRequest.h */ = {isa = PBXFileReference; fileEncoding = 4; lastKnownFileType = sourcecode.c.h; path = GCDWebServerURLEncodedFormRequest.h; sourceTree = "<group>"; };
		3308A2E31F8320B900A72E25 /* GCDWebServerURLEncodedFormRequest.m */ = {isa = PBXFileReference; fileEncoding = 4; lastKnownFileType = sourcecode.c.objc; path = GCDWebServerURLEncodedFormRequest.m; sourceTree = "<group>"; };
		3308A2E51F8320B900A72E25 /* GCDWebServerDataResponse.h */ = {isa = PBXFileReference; fileEncoding = 4; lastKnownFileType = sourcecode.c.h; path = GCDWebServerDataResponse.h; sourceTree = "<group>"; };
		3308A2E61F8320B900A72E25 /* GCDWebServerDataResponse.m */ = {isa = PBXFileReference; fileEncoding = 4; lastKnownFileType = sourcecode.c.objc; path = GCDWebServerDataResponse.m; sourceTree = "<group>"; };
		3308A2E71F8320B900A72E25 /* GCDWebServerErrorResponse.h */ = {isa = PBXFileReference; fileEncoding = 4; lastKnownFileType = sourcecode.c.h; path = GCDWebServerErrorResponse.h; sourceTree = "<group>"; };
		3308A2E81F8320B900A72E25 /* GCDWebServerErrorResponse.m */ = {isa = PBXFileReference; fileEncoding = 4; lastKnownFileType = sourcecode.c.objc; path = GCDWebServerErrorResponse.m; sourceTree = "<group>"; };
		3308A2E91F8320B900A72E25 /* GCDWebServerFileResponse.h */ = {isa = PBXFileReference; fileEncoding = 4; lastKnownFileType = sourcecode.c.h; path = GCDWebServerFileResponse.h; sourceTree = "<group>"; };
		3308A2EA1F8320B900A72E25 /* GCDWebServerFileResponse.m */ = {isa = PBXFileReference; fileEncoding = 4; lastKnownFileType = sourcecode.c.objc; path = GCDWebServerFileResponse.m; sourceTree = "<group>"; };
		3308A2EB1F8320B900A72E25 /* GCDWebServerStreamedResponse.h */ = {isa = PBXFileReference; fileEncoding = 4; lastKnownFileType = sourcecode.c.h; path = GCDWebServerStreamedResponse.h; sourceTree = "<group>"; };
		3308A2EC1F8320B900A72E25 /* GCDWebServerStreamedResponse.m */ = {isa = PBXFileReference; fileEncoding = 4; lastKnownFileType = sourcecode.c.objc; path = GCDWebServerStreamedResponse.m; sourceTree = "<group>"; };
		331239E11E53697C00559EB0 /* About.txt */ = {isa = PBXFileReference; fileEncoding = 4; lastKnownFileType = text; path = About.txt; sourceTree = "<group>"; };
		331239E21E53697C00559EB0 /* DDAbstractDatabaseLogger.h */ = {isa = PBXFileReference; fileEncoding = 4; lastKnownFileType = sourcecode.c.h; path = DDAbstractDatabaseLogger.h; sourceTree = "<group>"; };
		331239E31E53697C00559EB0 /* DDAbstractDatabaseLogger.m */ = {isa = PBXFileReference; fileEncoding = 4; lastKnownFileType = sourcecode.c.objc; path = DDAbstractDatabaseLogger.m; sourceTree = "<group>"; };
		331239E41E53697C00559EB0 /* DDASLLogger.h */ = {isa = PBXFileReference; fileEncoding = 4; lastKnownFileType = sourcecode.c.h; path = DDASLLogger.h; sourceTree = "<group>"; };
		331239E51E53697C00559EB0 /* DDASLLogger.m */ = {isa = PBXFileReference; fileEncoding = 4; lastKnownFileType = sourcecode.c.objc; path = DDASLLogger.m; sourceTree = "<group>"; };
		331239E61E53697C00559EB0 /* DDFileLogger.h */ = {isa = PBXFileReference; fileEncoding = 4; lastKnownFileType = sourcecode.c.h; path = DDFileLogger.h; sourceTree = "<group>"; };
		331239E71E53697C00559EB0 /* DDFileLogger.m */ = {isa = PBXFileReference; fileEncoding = 4; lastKnownFileType = sourcecode.c.objc; path = DDFileLogger.m; sourceTree = "<group>"; };
		331239E81E53697C00559EB0 /* DDLog.h */ = {isa = PBXFileReference; fileEncoding = 4; lastKnownFileType = sourcecode.c.h; path = DDLog.h; sourceTree = "<group>"; };
		331239E91E53697C00559EB0 /* DDLog.m */ = {isa = PBXFileReference; fileEncoding = 4; lastKnownFileType = sourcecode.c.objc; path = DDLog.m; sourceTree = "<group>"; };
		331239EA1E53697C00559EB0 /* DDTTYLogger.h */ = {isa = PBXFileReference; fileEncoding = 4; lastKnownFileType = sourcecode.c.h; path = DDTTYLogger.h; sourceTree = "<group>"; };
		331239EB1E53697C00559EB0 /* DDTTYLogger.m */ = {isa = PBXFileReference; fileEncoding = 4; lastKnownFileType = sourcecode.c.objc; path = DDTTYLogger.m; sourceTree = "<group>"; };
		331239ED1E53697C00559EB0 /* ContextFilterLogFormatter.h */ = {isa = PBXFileReference; fileEncoding = 4; lastKnownFileType = sourcecode.c.h; path = ContextFilterLogFormatter.h; sourceTree = "<group>"; };
		331239EE1E53697C00559EB0 /* ContextFilterLogFormatter.m */ = {isa = PBXFileReference; fileEncoding = 4; lastKnownFileType = sourcecode.c.objc; path = ContextFilterLogFormatter.m; sourceTree = "<group>"; };
		331239EF1E53697C00559EB0 /* DispatchQueueLogFormatter.h */ = {isa = PBXFileReference; fileEncoding = 4; lastKnownFileType = sourcecode.c.h; path = DispatchQueueLogFormatter.h; sourceTree = "<group>"; };
		331239F01E53697C00559EB0 /* DispatchQueueLogFormatter.m */ = {isa = PBXFileReference; fileEncoding = 4; lastKnownFileType = sourcecode.c.objc; path = DispatchQueueLogFormatter.m; sourceTree = "<group>"; };
		331239F11E53697C00559EB0 /* README.txt */ = {isa = PBXFileReference; fileEncoding = 4; lastKnownFileType = text; path = README.txt; sourceTree = "<group>"; };
		331239FA1E5369D000559EB0 /* About.txt */ = {isa = PBXFileReference; fileEncoding = 4; lastKnownFileType = text; path = About.txt; sourceTree = "<group>"; };
		331239FB1E5369D000559EB0 /* GCDAsyncSocket.h */ = {isa = PBXFileReference; fileEncoding = 4; lastKnownFileType = sourcecode.c.h; path = GCDAsyncSocket.h; sourceTree = "<group>"; };
		331239FC1E5369D000559EB0 /* GCDAsyncSocket.m */ = {isa = PBXFileReference; fileEncoding = 4; lastKnownFileType = sourcecode.c.objc; path = GCDAsyncSocket.m; sourceTree = "<group>"; };
		B3E7B5881CC2AC0600A0062D /* FPStaticServer.h */ = {isa = PBXFileReference; fileEncoding = 4; lastKnownFileType = sourcecode.c.h; path = FPStaticServer.h; sourceTree = "<group>"; };
		B3E7B5891CC2AC0600A0062D /* FPStaticServer.m */ = {isa = PBXFileReference; fileEncoding = 4; lastKnownFileType = sourcecode.c.objc; path = FPStaticServer.m; sourceTree = "<group>"; };
/* End PBXFileReference section */

/* Begin PBXFrameworksBuildPhase section */
		58B511D81A9E6C8500147676 /* Frameworks */ = {
			isa = PBXFrameworksBuildPhase;
			buildActionMask = 2147483647;
			files = (
			);
			runOnlyForDeploymentPostprocessing = 0;
		};
/* End PBXFrameworksBuildPhase section */

/* Begin PBXGroup section */
		134814211AA4EA7D00B7C361 /* Products */ = {
			isa = PBXGroup;
			children = (
				134814201AA4EA6300B7C361 /* libFPStaticServer.a */,
			);
			name = Products;
			sourceTree = "<group>";
		};
		3308A2CD1F8320B900A72E25 /* GCDWebServer */ = {
			isa = PBXGroup;
			children = (
				3308A2CE1F8320B900A72E25 /* Core */,
				3308A2DB1F8320B900A72E25 /* Requests */,
				3308A2E41F8320B900A72E25 /* Responses */,
			);
			path = GCDWebServer;
			sourceTree = "<group>";
		};
		3308A2CE1F8320B900A72E25 /* Core */ = {
			isa = PBXGroup;
			children = (
				3308A2CF1F8320B900A72E25 /* GCDWebServer.h */,
				3308A2D01F8320B900A72E25 /* GCDWebServer.m */,
				3308A2D11F8320B900A72E25 /* GCDWebServerConnection.h */,
				3308A2D21F8320B900A72E25 /* GCDWebServerConnection.m */,
				3308A2D31F8320B900A72E25 /* GCDWebServerFunctions.h */,
				3308A2D41F8320B900A72E25 /* GCDWebServerFunctions.m */,
				3308A2D51F8320B900A72E25 /* GCDWebServerHTTPStatusCodes.h */,
				3308A2D61F8320B900A72E25 /* GCDWebServerPrivate.h */,
				3308A2D71F8320B900A72E25 /* GCDWebServerRequest.h */,
				3308A2D81F8320B900A72E25 /* GCDWebServerRequest.m */,
				3308A2D91F8320B900A72E25 /* GCDWebServerResponse.h */,
				3308A2DA1F8320B900A72E25 /* GCDWebServerResponse.m */,
			);
			path = Core;
			sourceTree = "<group>";
		};
		3308A2DB1F8320B900A72E25 /* Requests */ = {
			isa = PBXGroup;
			children = (
				3308A2DC1F8320B900A72E25 /* GCDWebServerDataRequest.h */,
				3308A2DD1F8320B900A72E25 /* GCDWebServerDataRequest.m */,
				3308A2DE1F8320B900A72E25 /* GCDWebServerFileRequest.h */,
				3308A2DF1F8320B900A72E25 /* GCDWebServerFileRequest.m */,
				3308A2E01F8320B900A72E25 /* GCDWebServerMultiPartFormRequest.h */,
				3308A2E11F8320B900A72E25 /* GCDWebServerMultiPartFormRequest.m */,
				3308A2E21F8320B900A72E25 /* GCDWebServerURLEncodedFormRequest.h */,
				3308A2E31F8320B900A72E25 /* GCDWebServerURLEncodedFormRequest.m */,
			);
			path = Requests;
			sourceTree = "<group>";
		};
		3308A2E41F8320B900A72E25 /* Responses */ = {
			isa = PBXGroup;
			children = (
				3308A2E51F8320B900A72E25 /* GCDWebServerDataResponse.h */,
				3308A2E61F8320B900A72E25 /* GCDWebServerDataResponse.m */,
				3308A2E71F8320B900A72E25 /* GCDWebServerErrorResponse.h */,
				3308A2E81F8320B900A72E25 /* GCDWebServerErrorResponse.m */,
				3308A2E91F8320B900A72E25 /* GCDWebServerFileResponse.h */,
				3308A2EA1F8320B900A72E25 /* GCDWebServerFileResponse.m */,
				3308A2EB1F8320B900A72E25 /* GCDWebServerStreamedResponse.h */,
				3308A2EC1F8320B900A72E25 /* GCDWebServerStreamedResponse.m */,
			);
			path = Responses;
			sourceTree = "<group>";
		};
		331239E01E53697C00559EB0 /* CocoaLumberjack */ = {
			isa = PBXGroup;
			children = (
				331239E11E53697C00559EB0 /* About.txt */,
				331239E21E53697C00559EB0 /* DDAbstractDatabaseLogger.h */,
				331239E31E53697C00559EB0 /* DDAbstractDatabaseLogger.m */,
				331239E41E53697C00559EB0 /* DDASLLogger.h */,
				331239E51E53697C00559EB0 /* DDASLLogger.m */,
				331239E61E53697C00559EB0 /* DDFileLogger.h */,
				331239E71E53697C00559EB0 /* DDFileLogger.m */,
				331239E81E53697C00559EB0 /* DDLog.h */,
				331239E91E53697C00559EB0 /* DDLog.m */,
				331239EA1E53697C00559EB0 /* DDTTYLogger.h */,
				331239EB1E53697C00559EB0 /* DDTTYLogger.m */,
				331239EC1E53697C00559EB0 /* Extensions */,
			);
			path = CocoaLumberjack;
			sourceTree = "<group>";
		};
		331239EC1E53697C00559EB0 /* Extensions */ = {
			isa = PBXGroup;
			children = (
				331239ED1E53697C00559EB0 /* ContextFilterLogFormatter.h */,
				331239EE1E53697C00559EB0 /* ContextFilterLogFormatter.m */,
				331239EF1E53697C00559EB0 /* DispatchQueueLogFormatter.h */,
				331239F01E53697C00559EB0 /* DispatchQueueLogFormatter.m */,
				331239F11E53697C00559EB0 /* README.txt */,
			);
			path = Extensions;
			sourceTree = "<group>";
		};
		331239F91E5369D000559EB0 /* CocoaAsyncSocket */ = {
			isa = PBXGroup;
			children = (
				331239FA1E5369D000559EB0 /* About.txt */,
				331239FB1E5369D000559EB0 /* GCDAsyncSocket.h */,
				331239FC1E5369D000559EB0 /* GCDAsyncSocket.m */,
			);
			path = CocoaAsyncSocket;
			sourceTree = "<group>";
		};
		58B511D21A9E6C8500147676 = {
			isa = PBXGroup;
			children = (
				3308A2CD1F8320B900A72E25 /* GCDWebServer */,
				331239F91E5369D000559EB0 /* CocoaAsyncSocket */,
				331239E01E53697C00559EB0 /* CocoaLumberjack */,
				B3E7B5881CC2AC0600A0062D /* FPStaticServer.h */,
				B3E7B5891CC2AC0600A0062D /* FPStaticServer.m */,
				134814211AA4EA7D00B7C361 /* Products */,
			);
			sourceTree = "<group>";
		};
/* End PBXGroup section */

/* Begin PBXNativeTarget section */
		58B511DA1A9E6C8500147676 /* FPStaticServer */ = {
			isa = PBXNativeTarget;
			buildConfigurationList = 58B511EF1A9E6C8500147676 /* Build configuration list for PBXNativeTarget "FPStaticServer" */;
			buildPhases = (
				58B511D71A9E6C8500147676 /* Sources */,
				58B511D81A9E6C8500147676 /* Frameworks */,
				58B511D91A9E6C8500147676 /* CopyFiles */,
			);
			buildRules = (
			);
			dependencies = (
			);
			name = FPStaticServer;
			productName = RCTDataManager;
			productReference = 134814201AA4EA6300B7C361 /* libFPStaticServer.a */;
			productType = "com.apple.product-type.library.static";
		};
/* End PBXNativeTarget section */

/* Begin PBXProject section */
		58B511D31A9E6C8500147676 /* Project object */ = {
			isa = PBXProject;
			attributes = {
				LastUpgradeCheck = 0820;
				ORGANIZATIONNAME = Facebook;
				TargetAttributes = {
					58B511DA1A9E6C8500147676 = {
						CreatedOnToolsVersion = 6.1.1;
					};
				};
			};
			buildConfigurationList = 58B511D61A9E6C8500147676 /* Build configuration list for PBXProject "FPStaticServer" */;
			compatibilityVersion = "Xcode 3.2";
			developmentRegion = English;
			hasScannedForEncodings = 0;
			knownRegions = (
				en,
			);
			mainGroup = 58B511D21A9E6C8500147676;
			productRefGroup = 58B511D21A9E6C8500147676;
			projectDirPath = "";
			projectRoot = "";
			targets = (
				58B511DA1A9E6C8500147676 /* FPStaticServer */,
			);
		};
/* End PBXProject section */

/* Begin PBXSourcesBuildPhase section */
		58B511D71A9E6C8500147676 /* Sources */ = {
			isa = PBXSourcesBuildPhase;
			buildActionMask = 2147483647;
			files = (
				331239F61E53697C00559EB0 /* DDTTYLogger.m in Sources */,
				B3E7B58A1CC2AC0600A0062D /* FPStaticServer.m in Sources */,
				3308A2F01F8320B900A72E25 /* GCDWebServerRequest.m in Sources */,
				3308A2ED1F8320B900A72E25 /* GCDWebServer.m in Sources */,
				3308A2F51F8320B900A72E25 /* GCDWebServerURLEncodedFormRequest.m in Sources */,
				3308A2F41F8320B900A72E25 /* GCDWebServerMultiPartFormRequest.m in Sources */,
				3308A2F61F8320B900A72E25 /* GCDWebServerDataResponse.m in Sources */,
				331239F71E53697C00559EB0 /* ContextFilterLogFormatter.m in Sources */,
				3308A2F11F8320B900A72E25 /* GCDWebServerResponse.m in Sources */,
				331239F31E53697C00559EB0 /* DDASLLogger.m in Sources */,
				331239F21E53697C00559EB0 /* DDAbstractDatabaseLogger.m in Sources */,
				331239F81E53697C00559EB0 /* DispatchQueueLogFormatter.m in Sources */,
				331239FD1E5369D000559EB0 /* GCDAsyncSocket.m in Sources */,
				3308A2F91F8320B900A72E25 /* GCDWebServerStreamedResponse.m in Sources */,
				331239F41E53697C00559EB0 /* DDFileLogger.m in Sources */,
				3308A2F71F8320B900A72E25 /* GCDWebServerErrorResponse.m in Sources */,
				3308A2F31F8320B900A72E25 /* GCDWebServerFileRequest.m in Sources */,
				3308A2EF1F8320B900A72E25 /* GCDWebServerFunctions.m in Sources */,
				3308A2EE1F8320B900A72E25 /* GCDWebServerConnection.m in Sources */,
				3308A2F21F8320B900A72E25 /* GCDWebServerDataRequest.m in Sources */,
				3308A2F81F8320B900A72E25 /* GCDWebServerFileResponse.m in Sources */,
				331239F51E53697C00559EB0 /* DDLog.m in Sources */,
			);
			runOnlyForDeploymentPostprocessing = 0;
		};
/* End PBXSourcesBuildPhase section */

/* Begin XCBuildConfiguration section */
		58B511ED1A9E6C8500147676 /* Debug */ = {
			isa = XCBuildConfiguration;
			buildSettings = {
				ALWAYS_SEARCH_USER_PATHS = NO;
				CLANG_CXX_LANGUAGE_STANDARD = "gnu++0x";
				CLANG_CXX_LIBRARY = "libc++";
				CLANG_ENABLE_MODULES = YES;
				CLANG_ENABLE_OBJC_ARC = YES;
				CLANG_WARN_BOOL_CONVERSION = YES;
				CLANG_WARN_CONSTANT_CONVERSION = YES;
				CLANG_WARN_DIRECT_OBJC_ISA_USAGE = YES_ERROR;
				CLANG_WARN_EMPTY_BODY = YES;
				CLANG_WARN_ENUM_CONVERSION = YES;
				CLANG_WARN_INFINITE_RECURSION = YES;
				CLANG_WARN_INT_CONVERSION = YES;
				CLANG_WARN_OBJC_ROOT_CLASS = YES_ERROR;
				CLANG_WARN_SUSPICIOUS_MOVE = YES;
				CLANG_WARN_UNREACHABLE_CODE = YES;
				CLANG_WARN__DUPLICATE_METHOD_MATCH = YES;
				COPY_PHASE_STRIP = NO;
				ENABLE_STRICT_OBJC_MSGSEND = YES;
				GCC_C_LANGUAGE_STANDARD = gnu99;
				GCC_DYNAMIC_NO_PIC = NO;
				GCC_NO_COMMON_BLOCKS = YES;
				GCC_OPTIMIZATION_LEVEL = 0;
				GCC_PREPROCESSOR_DEFINITIONS = (
					"DEBUG=1",
					"$(inherited)",
				);
				GCC_SYMBOLS_PRIVATE_EXTERN = NO;
				GCC_WARN_64_TO_32_BIT_CONVERSION = YES;
				GCC_WARN_ABOUT_RETURN_TYPE = YES_ERROR;
				GCC_WARN_UNDECLARED_SELECTOR = YES;
				GCC_WARN_UNINITIALIZED_AUTOS = YES_AGGRESSIVE;
				GCC_WARN_UNUSED_FUNCTION = YES;
				GCC_WARN_UNUSED_VARIABLE = YES;
				IPHONEOS_DEPLOYMENT_TARGET = 8.0;
				MTL_ENABLE_DEBUG_INFO = YES;
				ONLY_ACTIVE_ARCH = YES;
				SDKROOT = iphoneos;
			};
			name = Debug;
		};
		58B511EE1A9E6C8500147676 /* Release */ = {
			isa = XCBuildConfiguration;
			buildSettings = {
				ALWAYS_SEARCH_USER_PATHS = NO;
				CLANG_CXX_LANGUAGE_STANDARD = "gnu++0x";
				CLANG_CXX_LIBRARY = "libc++";
				CLANG_ENABLE_MODULES = YES;
				CLANG_ENABLE_OBJC_ARC = YES;
				CLANG_WARN_BOOL_CONVERSION = YES;
				CLANG_WARN_CONSTANT_CONVERSION = YES;
				CLANG_WARN_DIRECT_OBJC_ISA_USAGE = YES_ERROR;
				CLANG_WARN_EMPTY_BODY = YES;
				CLANG_WARN_ENUM_CONVERSION = YES;
				CLANG_WARN_INFINITE_RECURSION = YES;
				CLANG_WARN_INT_CONVERSION = YES;
				CLANG_WARN_OBJC_ROOT_CLASS = YES_ERROR;
				CLANG_WARN_SUSPICIOUS_MOVE = YES;
				CLANG_WARN_UNREACHABLE_CODE = YES;
				CLANG_WARN__DUPLICATE_METHOD_MATCH = YES;
				COPY_PHASE_STRIP = YES;
				ENABLE_NS_ASSERTIONS = NO;
				ENABLE_STRICT_OBJC_MSGSEND = YES;
				GCC_C_LANGUAGE_STANDARD = gnu99;
				GCC_NO_COMMON_BLOCKS = YES;
				GCC_WARN_64_TO_32_BIT_CONVERSION = YES;
				GCC_WARN_ABOUT_RETURN_TYPE = YES_ERROR;
				GCC_WARN_UNDECLARED_SELECTOR = YES;
				GCC_WARN_UNINITIALIZED_AUTOS = YES_AGGRESSIVE;
				GCC_WARN_UNUSED_FUNCTION = YES;
				GCC_WARN_UNUSED_VARIABLE = YES;
				IPHONEOS_DEPLOYMENT_TARGET = 8.0;
				MTL_ENABLE_DEBUG_INFO = NO;
				SDKROOT = iphoneos;
				VALIDATE_PRODUCT = YES;
			};
			name = Release;
		};
		58B511F01A9E6C8500147676 /* Debug */ = {
			isa = XCBuildConfiguration;
			buildSettings = {
				HEADER_SEARCH_PATHS = (
					"$(inherited)",
					/Applications/Xcode.app/Contents/Developer/Toolchains/XcodeDefault.xctoolchain/usr/include,
					"$(SRCROOT)/../../../React/**",
					"$(SRCROOT)/../../react-native/React/**",
					"$(SRCROOT)/../node_modules/react-native/React/**",
					"$(SRCROOT)/../../node_modules/react-native/React/**",
					"$(SDKROOT)/usr/include/libxml2",
				);
				LIBRARY_SEARCH_PATHS = "$(inherited)";
				OTHER_LDFLAGS = (
					"-ObjC",
					"-libz",
				);
				PRODUCT_NAME = FPStaticServer;
				SKIP_INSTALL = YES;
			};
			name = Debug;
		};
		58B511F11A9E6C8500147676 /* Release */ = {
			isa = XCBuildConfiguration;
			buildSettings = {
				HEADER_SEARCH_PATHS = (
					"$(inherited)",
					/Applications/Xcode.app/Contents/Developer/Toolchains/XcodeDefault.xctoolchain/usr/include,
					"$(SRCROOT)/../../../React/**",
					"$(SRCROOT)/../../react-native/React/**",
					"$(SRCROOT)/../node_modules/react-native/React/**",
					"$(SRCROOT)/../../node_modules/react-native/React/**",
					"$(SDKROOT)/usr/include/libxml2",
				);
				LIBRARY_SEARCH_PATHS = "$(inherited)";
				OTHER_LDFLAGS = (
					"-ObjC",
					"-libz",
				);
				PRODUCT_NAME = FPStaticServer;
				SKIP_INSTALL = YES;
			};
			name = Release;
		};
/* End XCBuildConfiguration section */

/* Begin XCConfigurationList section */
		58B511D61A9E6C8500147676 /* Build configuration list for PBXProject "FPStaticServer" */ = {
			isa = XCConfigurationList;
			buildConfigurations = (
				58B511ED1A9E6C8500147676 /* Debug */,
				58B511EE1A9E6C8500147676 /* Release */,
			);
			defaultConfigurationIsVisible = 0;
			defaultConfigurationName = Release;
		};
		58B511EF1A9E6C8500147676 /* Build configuration list for PBXNativeTarget "FPStaticServer" */ = {
			isa = XCConfigurationList;
			buildConfigurations = (
				58B511F01A9E6C8500147676 /* Debug */,
				58B511F11A9E6C8500147676 /* Release */,
			);
			defaultConfigurationIsVisible = 0;
			defaultConfigurationName = Release;
		};
/* End XCConfigurationList section */
	};
	rootObject = 58B511D31A9E6C8500147676 /* Project object */;
}
